{
    "name": "getzy",
    "version": "1.0.0",
    "lockfileVersion": 3,
    "requires": true,
    "packages": {
        "": {
            "name": "getzy",
            "version": "1.0.0",
            "license": "BSD-3-Clause",
            "dependencies": {
                "getzy": "file:"
            },
            "bin": {
                "getzy": "getzy-cli.js"
            },
            "engines": {
                "node": ">=16"
            }
        },
        "node_modules/getzy": {
            "resolved": "",
            "link": true
        }
    }
}
